
Microsoft Visual Studio Solution File, Format Version 12.00
Project("{FAE04EC0-301F-11D3-BF4B-00C04F79EFBC}") = "lesson6_1", "lesson6_1\lesson6_1.csproj", "{6BDD1AD5-BEF3-451F-8AFF-0EBB4DB0DC42}"
EndProject
Global
	GlobalSection(SolutionConfigurationPlatforms) = preSolution
		Debug|Any CPU = Debug|Any CPU
		Release|Any CPU = Release|Any CPU
	EndGlobalSection
	GlobalSection(ProjectConfigurationPlatforms) = postSolution
		{6BDD1AD5-BEF3-451F-8AFF-0EBB4DB0DC42}.Debug|Any CPU.ActiveCfg = Debug|Any CPU
		{6BDD1AD5-BEF3-451F-8AFF-0EBB4DB0DC42}.Debug|Any CPU.Build.0 = Debug|Any CPU
		{6BDD1AD5-BEF3-451F-8AFF-0EBB4DB0DC42}.Release|Any CPU.ActiveCfg = Release|Any CPU
		{6BDD1AD5-BEF3-451F-8AFF-0EBB4DB0DC42}.Release|Any CPU.Build.0 = Release|Any CPU
	EndGlobalSection
EndGlobal
